
Microsoft Visual Studio Solution File, Format Version 12.00
# Visual Studio 2012
Project("{D954291E-2A0B-460D-934E-DC6B0785DB48}") = "brightcontrolunit2000", "brightcontrolunit2000\brightcontrolunit2000.shproj", "{139F2F13-881F-4D83-AA20-4C1AE4797765}"
EndProject
Project("{FAE04EC0-301F-11D3-BF4B-00C04F79EFBC}") = "brightcontrolunit2000.iOS", "iOS\brightcontrolunit2000.iOS.csproj", "{CFBE4914-5261-4564-9189-61815412ECAA}"
EndProject
Project("{FAE04EC0-301F-11D3-BF4B-00C04F79EFBC}") = "brightcontrolunit2000.Droid", "Droid\brightcontrolunit2000.Droid.csproj", "{08FA4C97-B343-4860-88E5-F74D31C07D55}"
EndProject
Global
	GlobalSection(SolutionConfigurationPlatforms) = preSolution
		Debug|iPhoneSimulator = Debug|iPhoneSimulator
		Release|iPhone = Release|iPhone
		Release|iPhoneSimulator = Release|iPhoneSimulator
		Debug|iPhone = Debug|iPhone
		Debug|Any CPU = Debug|Any CPU
		Release|Any CPU = Release|Any CPU
	EndGlobalSection
	GlobalSection(ProjectConfigurationPlatforms) = postSolution
		{CFBE4914-5261-4564-9189-61815412ECAA}.Debug|iPhoneSimulator.ActiveCfg = Debug|iPhoneSimulator
		{CFBE4914-5261-4564-9189-61815412ECAA}.Debug|iPhoneSimulator.Build.0 = Debug|iPhoneSimulator
		{CFBE4914-5261-4564-9189-61815412ECAA}.Release|iPhone.ActiveCfg = Release|iPhone
		{CFBE4914-5261-4564-9189-61815412ECAA}.Release|iPhone.Build.0 = Release|iPhone
		{CFBE4914-5261-4564-9189-61815412ECAA}.Release|iPhoneSimulator.ActiveCfg = Release|iPhoneSimulator
		{CFBE4914-5261-4564-9189-61815412ECAA}.Release|iPhoneSimulator.Build.0 = Release|iPhoneSimulator
		{CFBE4914-5261-4564-9189-61815412ECAA}.Debug|iPhone.ActiveCfg = Debug|iPhone
		{CFBE4914-5261-4564-9189-61815412ECAA}.Debug|iPhone.Build.0 = Debug|iPhone
		{CFBE4914-5261-4564-9189-61815412ECAA}.Debug|Any CPU.ActiveCfg = Debug|iPhoneSimulator
		{CFBE4914-5261-4564-9189-61815412ECAA}.Debug|Any CPU.Build.0 = Debug|iPhoneSimulator
		{CFBE4914-5261-4564-9189-61815412ECAA}.Release|Any CPU.ActiveCfg = Release|iPhone
		{CFBE4914-5261-4564-9189-61815412ECAA}.Release|Any CPU.Build.0 = Release|iPhone
		{08FA4C97-B343-4860-88E5-F74D31C07D55}.Debug|iPhoneSimulator.ActiveCfg = Debug|Any CPU
		{08FA4C97-B343-4860-88E5-F74D31C07D55}.Debug|iPhoneSimulator.Build.0 = Debug|Any CPU
		{08FA4C97-B343-4860-88E5-F74D31C07D55}.Release|iPhone.ActiveCfg = Release|Any CPU
		{08FA4C97-B343-4860-88E5-F74D31C07D55}.Release|iPhone.Build.0 = Release|Any CPU
		{08FA4C97-B343-4860-88E5-F74D31C07D55}.Release|iPhoneSimulator.ActiveCfg = Release|Any CPU
		{08FA4C97-B343-4860-88E5-F74D31C07D55}.Release|iPhoneSimulator.Build.0 = Release|Any CPU
		{08FA4C97-B343-4860-88E5-F74D31C07D55}.Debug|iPhone.ActiveCfg = Debug|Any CPU
		{08FA4C97-B343-4860-88E5-F74D31C07D55}.Debug|iPhone.Build.0 = Debug|Any CPU
		{08FA4C97-B343-4860-88E5-F74D31C07D55}.Debug|Any CPU.ActiveCfg = Debug|Any CPU
		{08FA4C97-B343-4860-88E5-F74D31C07D55}.Debug|Any CPU.Build.0 = Debug|Any CPU
		{08FA4C97-B343-4860-88E5-F74D31C07D55}.Release|Any CPU.ActiveCfg = Release|Any CPU
		{08FA4C97-B343-4860-88E5-F74D31C07D55}.Release|Any CPU.Build.0 = Release|Any CPU
	EndGlobalSection
EndGlobal
